
Microsoft Visual Studio Solution File, Format Version 12.00
# Visual Studio Version 17
VisualStudioVersion = 17.10.35122.118
MinimumVisualStudioVersion = 10.0.40219.1
Project("{FAE04EC0-301F-11D3-BF4B-00C04F79EFBC}") = "WpfApp1", "WpfApp1.csproj", "{4667DA0A-E453-4546-91CB-E279F258AE27}"
EndProject
Global
	GlobalSection(SolutionConfigurationPlatforms) = preSolution
		Debug|Any CPU = Debug|Any CPU
		Release|Any CPU = Release|Any CPU
	EndGlobalSection
	GlobalSection(ProjectConfigurationPlatforms) = postSolution
		{4667DA0A-E453-4546-91CB-E279F258AE27}.Debug|Any CPU.ActiveCfg = Debug|Any CPU
		{4667DA0A-E453-4546-91CB-E279F258AE27}.Debug|Any CPU.Build.0 = Debug|Any CPU
		{4667DA0A-E453-4546-91CB-E279F258AE27}.Release|Any CPU.ActiveCfg = Release|Any CPU
		{4667DA0A-E453-4546-91CB-E279F258AE27}.Release|Any CPU.Build.0 = Release|Any CPU
	EndGlobalSection
	GlobalSection(SolutionProperties) = preSolution
		HideSolutionNode = FALSE
	EndGlobalSection
	GlobalSection(ExtensibilityGlobals) = postSolution
		SolutionGuid = {FEE089F1-365E-4980-8C0D-07AE6BD7C85F}
	EndGlobalSection
EndGlobal
